<?xml version="1.0" encoding="utf-8"?>
<Project ToolsVersion="4.0" xmlns="http://schemas.microsoft.com/developer/msbuild/2003">
  <ItemGroup>
    <Filter Include="ソース ファイル">
      <UniqueIdentifier>{4FC737F1-C7A5-4376-A066-2A32D752A2FF}</UniqueIdentifier>
      <Extensions>cpp;c;cc;cxx;def;odl;idl;hpj;bat;asm;asmx</Extensions>
    </Filter>
    <Filter Include="ヘッダー ファイル">
      <UniqueIdentifier>{93995380-89BD-4b04-88EB-625FBE52EBFB}</UniqueIdentifier>
      <Extensions>h;hpp;hxx;hm;inl;inc;xsd</Extensions>
    </Filter>
    <Filter Include="リソース ファイル">
      <UniqueIdentifier>{67DA6AB6-F800-4c08-8B7A-83BB121AAD01}</UniqueIdentifier>
      <Extensions>rc;ico;cur;bmp;dlg;rc2;rct;bin;rgs;gif;jpg;jpeg;jpe;resx;tiff;tif;png;wav;mfcribbon-ms</Extensions>
    </Filter>
    <Filter Include="ソース ファイル\tests">
      <UniqueIdentifier>{4ea26536-eecb-4e4b-a35c-ae7fcee0d812}</UniqueIdentifier>
    </Filter>
    <Filter Include="doc">
      <UniqueIdentifier>{012c743e-20ac-4b33-abec-5d9182bb4c58}</UniqueIdentifier>
    </Filter>
  </ItemGroup>
  <ItemGroup>
    <ClCompile Include="..\json.c">
      <Filter>ソース ファイル</Filter>
    </ClCompile>
  </ItemGroup>
  <ItemGroup>
    <ClInclude Include="..\json.h">
      <Filter>ヘッダー ファイル</Filter>
    </ClInclude>
  </ItemGroup>
  <ItemGroup>
    <None Include="..\tests\invalid-0000.json">
      <Filter>ソース ファイル\tests</Filter>
    </None>
    <None Include="..\tests\valid-0003.json">
      <Filter>ソース ファイル\tests</Filter>
    </None>
    <None Include="..\tests\invalid-0001.json">
      <Filter>ソース ファイル\tests</Filter>
    </None>
    <None Include="..\tests\invalid-0002.json">
      <Filter>ソース ファイル\tests</Filter>
    </None>
    <None Include="..\tests\invalid-0003.json">
      <Filter>ソース ファイル\tests</Filter>
    </None>
    <None Include="..\tests\invalid-0004.json">
      <Filter>ソース ファイル\tests</Filter>
    </None>
    <None Include="..\tests\invalid-0005.json">
      <Filter>ソース ファイル\tests</Filter>
    </None>
    <None Include="..\tests\valid-0000.json">
      <Filter>ソース ファイル\tests</Filter>
    </None>
    <None Include="..\tests\valid-0001.json">
      <Filter>ソース ファイル\tests</Filter>
    </None>
    <None Include="..\tests\valid-0002.json">
      <Filter>ソース ファイル\tests</Filter>
    </None>
    <None Include="..\AUTHORS">
      <Filter>doc</Filter>
    </None>
    <None Include="..\README.md">
      <Filter>doc</Filter>
    </None>
  </ItemGroup>
</Project>